
Microsoft Visual Studio Solution File, Format Version 12.00
# Visual Studio Version 16
VisualStudioVersion = 16.0.31729.503
MinimumVisualStudioVersion = 10.0.40219.1
Project("{9A19103F-16F7-4668-BE54-9A1E7A4F7556}") = "suanfa", "suanfa.csproj", "{22FB0D5D-0E8D-4E86-81D5-1E82B3EC8488}"
EndProject
Global
	GlobalSection(SolutionConfigurationPlatforms) = preSolution
		Debug|Any CPU = Debug|Any CPU
		Release|Any CPU = Release|Any CPU
	EndGlobalSection
	GlobalSection(ProjectConfigurationPlatforms) = postSolution
		{22FB0D5D-0E8D-4E86-81D5-1E82B3EC8488}.Debug|Any CPU.ActiveCfg = Debug|Any CPU
		{22FB0D5D-0E8D-4E86-81D5-1E82B3EC8488}.Debug|Any CPU.Build.0 = Debug|Any CPU
		{22FB0D5D-0E8D-4E86-81D5-1E82B3EC8488}.Release|Any CPU.ActiveCfg = Release|Any CPU
		{22FB0D5D-0E8D-4E86-81D5-1E82B3EC8488}.Release|Any CPU.Build.0 = Release|Any CPU
	EndGlobalSection
	GlobalSection(SolutionProperties) = preSolution
		HideSolutionNode = FALSE
	EndGlobalSection
	GlobalSection(ExtensibilityGlobals) = postSolution
		SolutionGuid = {2A2D51D1-C74A-47C6-9F08-1FBDCC0A0338}
	EndGlobalSection
EndGlobal
